// !$*UTF8*$!
{
	archiveVersion = 1;
	classes = {
	};
	objectVersion = 56;
	objects = {

/* Begin PBXBuildFile section */
		644D5D812BA4CD9E0084D362 /* songFetch.swift in Sources */ = {isa = PBXBuildFile; fileRef = 644D5D802BA4CD9E0084D362 /* songFetch.swift */; };
		644D5D852BA4E0B20084D362 /* UIIMageExtensions.swift in Sources */ = {isa = PBXBuildFile; fileRef = 644D5D842BA4E0B20084D362 /* UIIMageExtensions.swift */; };
		644D5D882BA4ED530084D362 /* SongDetailViewController.swift in Sources */ = {isa = PBXBuildFile; fileRef = 644D5D872BA4ED530084D362 /* SongDetailViewController.swift */; };
		64F5D95A2BA397F400812BF8 /* AppDelegate.swift in Sources */ = {isa = PBXBuildFile; fileRef = 64F5D9592BA397F400812BF8 /* AppDelegate.swift */; };
		64F5D95C2BA397F400812BF8 /* SceneDelegate.swift in Sources */ = {isa = PBXBuildFile; fileRef = 64F5D95B2BA397F400812BF8 /* SceneDelegate.swift */; };
		64F5D9612BA397F400812BF8 /* Base in Resources */ = {isa = PBXBuildFile; fileRef = 64F5D9602BA397F400812BF8 /* Base */; };
		64F5D9632BA397F500812BF8 /* Assets.xcassets in Resources */ = {isa = PBXBuildFile; fileRef = 64F5D9622BA397F500812BF8 /* Assets.xcassets */; };
		64F5D9662BA397F500812BF8 /* Base in Resources */ = {isa = PBXBuildFile; fileRef = 64F5D9652BA397F500812BF8 /* Base */; };
		64F5D9712BA39B9600812BF8 /* MusicListCollectionViewController.swift in Sources */ = {isa = PBXBuildFile; fileRef = 64F5D9702BA39B9600812BF8 /* MusicListCollectionViewController.swift */; };
		64F5D9732BA39BDB00812BF8 /* FavoriteMusicListCollectionViewController.swift in Sources */ = {isa = PBXBuildFile; fileRef = 64F5D9722BA39BDB00812BF8 /* FavoriteMusicListCollectionViewController.swift */; };
		64F5D9752BA3A22C00812BF8 /* MusicListCollectionViewCell.swift in Sources */ = {isa = PBXBuildFile; fileRef = 64F5D9742BA3A22C00812BF8 /* MusicListCollectionViewCell.swift */; };
		64F5D9792BA4AF8300812BF8 /* Song.swift in Sources */ = {isa = PBXBuildFile; fileRef = 64F5D9782BA4AF8300812BF8 /* Song.swift */; };
/* End PBXBuildFile section */

/* Begin PBXFileReference section */
		644D5D802BA4CD9E0084D362 /* songFetch.swift */ = {isa = PBXFileReference; lastKnownFileType = sourcecode.swift; path = songFetch.swift; sourceTree = "<group>"; };
		644D5D842BA4E0B20084D362 /* UIIMageExtensions.swift */ = {isa = PBXFileReference; lastKnownFileType = sourcecode.swift; path = UIIMageExtensions.swift; sourceTree = "<group>"; };
		644D5D872BA4ED530084D362 /* SongDetailViewController.swift */ = {isa = PBXFileReference; lastKnownFileType = sourcecode.swift; path = SongDetailViewController.swift; sourceTree = "<group>"; };
		64F5D9562BA397F400812BF8 /* testTecnicoWom.app */ = {isa = PBXFileReference; explicitFileType = wrapper.application; includeInIndex = 0; path = testTecnicoWom.app; sourceTree = BUILT_PRODUCTS_DIR; };
		64F5D9592BA397F400812BF8 /* AppDelegate.swift */ = {isa = PBXFileReference; lastKnownFileType = sourcecode.swift; path = AppDelegate.swift; sourceTree = "<group>"; };
		64F5D95B2BA397F400812BF8 /* SceneDelegate.swift */ = {isa = PBXFileReference; lastKnownFileType = sourcecode.swift; path = SceneDelegate.swift; sourceTree = "<group>"; };
		64F5D9602BA397F400812BF8 /* Base */ = {isa = PBXFileReference; lastKnownFileType = file.storyboard; name = Base; path = Base.lproj/Main.storyboard; sourceTree = "<group>"; };
		64F5D9622BA397F500812BF8 /* Assets.xcassets */ = {isa = PBXFileReference; lastKnownFileType = folder.assetcatalog; path = Assets.xcassets; sourceTree = "<group>"; };
		64F5D9652BA397F500812BF8 /* Base */ = {isa = PBXFileReference; lastKnownFileType = file.storyboard; name = Base; path = Base.lproj/LaunchScreen.storyboard; sourceTree = "<group>"; };
		64F5D9672BA397F500812BF8 /* Info.plist */ = {isa = PBXFileReference; lastKnownFileType = text.plist.xml; path = Info.plist; sourceTree = "<group>"; };
		64F5D9702BA39B9600812BF8 /* MusicListCollectionViewController.swift */ = {isa = PBXFileReference; lastKnownFileType = sourcecode.swift; path = MusicListCollectionViewController.swift; sourceTree = "<group>"; };
		64F5D9722BA39BDB00812BF8 /* FavoriteMusicListCollectionViewController.swift */ = {isa = PBXFileReference; lastKnownFileType = sourcecode.swift; path = FavoriteMusicListCollectionViewController.swift; sourceTree = "<group>"; };
		64F5D9742BA3A22C00812BF8 /* MusicListCollectionViewCell.swift */ = {isa = PBXFileReference; lastKnownFileType = sourcecode.swift; path = MusicListCollectionViewCell.swift; sourceTree = "<group>"; };
		64F5D9782BA4AF8300812BF8 /* Song.swift */ = {isa = PBXFileReference; lastKnownFileType = sourcecode.swift; path = Song.swift; sourceTree = "<group>"; };
/* End PBXFileReference section */

/* Begin PBXFrameworksBuildPhase section */
		64F5D9532BA397F400812BF8 /* Frameworks */ = {
			isa = PBXFrameworksBuildPhase;
			buildActionMask = 2147483647;
			files = (
			);
			runOnlyForDeploymentPostprocessing = 0;
		};
/* End PBXFrameworksBuildPhase section */

/* Begin PBXGroup section */
		644D5D7E2BA4CD760084D362 /* ApiCalls */ = {
			isa = PBXGroup;
			children = (
				644D5D7F2BA4CD7E0084D362 /* Song */,
			);
			path = ApiCalls;
			sourceTree = "<group>";
		};
		644D5D7F2BA4CD7E0084D362 /* Song */ = {
			isa = PBXGroup;
			children = (
				644D5D802BA4CD9E0084D362 /* songFetch.swift */,
			);
			path = Song;
			sourceTree = "<group>";
		};
		644D5D822BA4E0950084D362 /* Utils */ = {
			isa = PBXGroup;
			children = (
				644D5D832BA4E0A00084D362 /* UIImage */,
			);
			path = Utils;
			sourceTree = "<group>";
		};
		644D5D832BA4E0A00084D362 /* UIImage */ = {
			isa = PBXGroup;
			children = (
				644D5D842BA4E0B20084D362 /* UIIMageExtensions.swift */,
			);
			path = UIImage;
			sourceTree = "<group>";
		};
		644D5D862BA4ED2A0084D362 /* SongDetailViewController */ = {
			isa = PBXGroup;
			children = (
				644D5D872BA4ED530084D362 /* SongDetailViewController.swift */,
			);
			path = SongDetailViewController;
			sourceTree = "<group>";
		};
		64F5D94D2BA397F400812BF8 = {
			isa = PBXGroup;
			children = (
				64F5D9582BA397F400812BF8 /* testTecnicoWom */,
				64F5D9572BA397F400812BF8 /* Products */,
			);
			sourceTree = "<group>";
		};
		64F5D9572BA397F400812BF8 /* Products */ = {
			isa = PBXGroup;
			children = (
				64F5D9562BA397F400812BF8 /* testTecnicoWom.app */,
			);
			name = Products;
			sourceTree = "<group>";
		};
		64F5D9582BA397F400812BF8 /* testTecnicoWom */ = {
			isa = PBXGroup;
			children = (
				644D5D822BA4E0950084D362 /* Utils */,
				644D5D7E2BA4CD760084D362 /* ApiCalls */,
				64F5D9762BA4AF6500812BF8 /* Models */,
				64F5D96D2BA39B1600812BF8 /* Screens */,
				64F5D9592BA397F400812BF8 /* AppDelegate.swift */,
				64F5D95B2BA397F400812BF8 /* SceneDelegate.swift */,
				64F5D95F2BA397F400812BF8 /* Main.storyboard */,
				64F5D9622BA397F500812BF8 /* Assets.xcassets */,
				64F5D9642BA397F500812BF8 /* LaunchScreen.storyboard */,
				64F5D9672BA397F500812BF8 /* Info.plist */,
			);
			path = testTecnicoWom;
			sourceTree = "<group>";
		};
		64F5D96D2BA39B1600812BF8 /* Screens */ = {
			isa = PBXGroup;
			children = (
				64F5D96F2BA39B2F00812BF8 /* FavoriteMusicList */,
				64F5D96E2BA39B2500812BF8 /* MusicList */,
			);
			path = Screens;
			sourceTree = "<group>";
		};
		64F5D96E2BA39B2500812BF8 /* MusicList */ = {
			isa = PBXGroup;
			children = (
				644D5D862BA4ED2A0084D362 /* SongDetailViewController */,
				64F5D9702BA39B9600812BF8 /* MusicListCollectionViewController.swift */,
				64F5D9742BA3A22C00812BF8 /* MusicListCollectionViewCell.swift */,
			);
			path = MusicList;
			sourceTree = "<group>";
		};
		64F5D96F2BA39B2F00812BF8 /* FavoriteMusicList */ = {
			isa = PBXGroup;
			children = (
				64F5D9722BA39BDB00812BF8 /* FavoriteMusicListCollectionViewController.swift */,
			);
			path = FavoriteMusicList;
			sourceTree = "<group>";
		};
		64F5D9762BA4AF6500812BF8 /* Models */ = {
			isa = PBXGroup;
			children = (
				64F5D9772BA4AF7100812BF8 /* Song */,
			);
			path = Models;
			sourceTree = "<group>";
		};
		64F5D9772BA4AF7100812BF8 /* Song */ = {
			isa = PBXGroup;
			children = (
				64F5D9782BA4AF8300812BF8 /* Song.swift */,
			);
			path = Song;
			sourceTree = "<group>";
		};
/* End PBXGroup section */

/* Begin PBXNativeTarget section */
		64F5D9552BA397F400812BF8 /* testTecnicoWom */ = {
			isa = PBXNativeTarget;
			buildConfigurationList = 64F5D96A2BA397F500812BF8 /* Build configuration list for PBXNativeTarget "testTecnicoWom" */;
			buildPhases = (
				64F5D9522BA397F400812BF8 /* Sources */,
				64F5D9532BA397F400812BF8 /* Frameworks */,
				64F5D9542BA397F400812BF8 /* Resources */,
			);
			buildRules = (
			);
			dependencies = (
			);
			name = testTecnicoWom;
			productName = testTecnicoWom;
			productReference = 64F5D9562BA397F400812BF8 /* testTecnicoWom.app */;
			productType = "com.apple.product-type.application";
		};
/* End PBXNativeTarget section */

/* Begin PBXProject section */
		64F5D94E2BA397F400812BF8 /* Project object */ = {
			isa = PBXProject;
			attributes = {
				BuildIndependentTargetsInParallel = 1;
				LastSwiftUpdateCheck = 1530;
				LastUpgradeCheck = 1530;
				TargetAttributes = {
					64F5D9552BA397F400812BF8 = {
						CreatedOnToolsVersion = 15.3;
					};
				};
			};
			buildConfigurationList = 64F5D9512BA397F400812BF8 /* Build configuration list for PBXProject "testTecnicoWom" */;
			compatibilityVersion = "Xcode 14.0";
			developmentRegion = en;
			hasScannedForEncodings = 0;
			knownRegions = (
				en,
				Base,
			);
			mainGroup = 64F5D94D2BA397F400812BF8;
			productRefGroup = 64F5D9572BA397F400812BF8 /* Products */;
			projectDirPath = "";
			projectRoot = "";
			targets = (
				64F5D9552BA397F400812BF8 /* testTecnicoWom */,
			);
		};
/* End PBXProject section */

/* Begin PBXResourcesBuildPhase section */
		64F5D9542BA397F400812BF8 /* Resources */ = {
			isa = PBXResourcesBuildPhase;
			buildActionMask = 2147483647;
			files = (
				64F5D9632BA397F500812BF8 /* Assets.xcassets in Resources */,
				64F5D9662BA397F500812BF8 /* Base in Resources */,
				64F5D9612BA397F400812BF8 /* Base in Resources */,
			);
			runOnlyForDeploymentPostprocessing = 0;
		};
/* End PBXResourcesBuildPhase section */

/* Begin PBXSourcesBuildPhase section */
		64F5D9522BA397F400812BF8 /* Sources */ = {
			isa = PBXSourcesBuildPhase;
			buildActionMask = 2147483647;
			files = (
				644D5D812BA4CD9E0084D362 /* songFetch.swift in Sources */,
				64F5D9792BA4AF8300812BF8 /* Song.swift in Sources */,
				64F5D95A2BA397F400812BF8 /* AppDelegate.swift in Sources */,
				644D5D882BA4ED530084D362 /* SongDetailViewController.swift in Sources */,
				644D5D852BA4E0B20084D362 /* UIIMageExtensions.swift in Sources */,
				64F5D95C2BA397F400812BF8 /* SceneDelegate.swift in Sources */,
				64F5D9732BA39BDB00812BF8 /* FavoriteMusicListCollectionViewController.swift in Sources */,
				64F5D9752BA3A22C00812BF8 /* MusicListCollectionViewCell.swift in Sources */,
				64F5D9712BA39B9600812BF8 /* MusicListCollectionViewController.swift in Sources */,
			);
			runOnlyForDeploymentPostprocessing = 0;
		};
/* End PBXSourcesBuildPhase section */

/* Begin PBXVariantGroup section */
		64F5D95F2BA397F400812BF8 /* Main.storyboard */ = {
			isa = PBXVariantGroup;
			children = (
				64F5D9602BA397F400812BF8 /* Base */,
			);
			name = Main.storyboard;
			sourceTree = "<group>";
		};
		64F5D9642BA397F500812BF8 /* LaunchScreen.storyboard */ = {
			isa = PBXVariantGroup;
			children = (
				64F5D9652BA397F500812BF8 /* Base */,
			);
			name = LaunchScreen.storyboard;
			sourceTree = "<group>";
		};
/* End PBXVariantGroup section */

/* Begin XCBuildConfiguration section */
		64F5D9682BA397F500812BF8 /* Debug */ = {
			isa = XCBuildConfiguration;
			buildSettings = {
				ALWAYS_SEARCH_USER_PATHS = NO;
				ASSETCATALOG_COMPILER_GENERATE_SWIFT_ASSET_SYMBOL_EXTENSIONS = YES;
				CLANG_ANALYZER_NONNULL = YES;
				CLANG_ANALYZER_NUMBER_OBJECT_CONVERSION = YES_AGGRESSIVE;
				CLANG_CXX_LANGUAGE_STANDARD = "gnu++20";
				CLANG_ENABLE_MODULES = YES;
				CLANG_ENABLE_OBJC_ARC = YES;
				CLANG_ENABLE_OBJC_WEAK = YES;
				CLANG_WARN_BLOCK_CAPTURE_AUTORELEASING = YES;
				CLANG_WARN_BOOL_CONVERSION = YES;
				CLANG_WARN_COMMA = YES;
				CLANG_WARN_CONSTANT_CONVERSION = YES;
				CLANG_WARN_DEPRECATED_OBJC_IMPLEMENTATIONS = YES;
				CLANG_WARN_DIRECT_OBJC_ISA_USAGE = YES_ERROR;
				CLANG_WARN_DOCUMENTATION_COMMENTS = YES;
				CLANG_WARN_EMPTY_BODY = YES;
				CLANG_WARN_ENUM_CONVERSION = YES;
				CLANG_WARN_INFINITE_RECURSION = YES;
				CLANG_WARN_INT_CONVERSION = YES;
				CLANG_WARN_NON_LITERAL_NULL_CONVERSION = YES;
				CLANG_WARN_OBJC_IMPLICIT_RETAIN_SELF = YES;
				CLANG_WARN_OBJC_LITERAL_CONVERSION = YES;
				CLANG_WARN_OBJC_ROOT_CLASS = YES_ERROR;
				CLANG_WARN_QUOTED_INCLUDE_IN_FRAMEWORK_HEADER = YES;
				CLANG_WARN_RANGE_LOOP_ANALYSIS = YES;
				CLANG_WARN_STRICT_PROTOTYPES = YES;
				CLANG_WARN_SUSPICIOUS_MOVE = YES;
				CLANG_WARN_UNGUARDED_AVAILABILITY = YES_AGGRESSIVE;
				CLANG_WARN_UNREACHABLE_CODE = YES;
				CLANG_WARN__DUPLICATE_METHOD_MATCH = YES;
				COPY_PHASE_STRIP = NO;
				DEBUG_INFORMATION_FORMAT = dwarf;
				ENABLE_STRICT_OBJC_MSGSEND = YES;
				ENABLE_TESTABILITY = YES;
				ENABLE_USER_SCRIPT_SANDBOXING = YES;
				GCC_C_LANGUAGE_STANDARD = gnu17;
				GCC_DYNAMIC_NO_PIC = NO;
				GCC_NO_COMMON_BLOCKS = YES;
				GCC_OPTIMIZATION_LEVEL = 0;
				GCC_PREPROCESSOR_DEFINITIONS = (
					"DEBUG=1",
					"$(inherited)",
				);
				GCC_WARN_64_TO_32_BIT_CONVERSION = YES;
				GCC_WARN_ABOUT_RETURN_TYPE = YES_ERROR;
				GCC_WARN_UNDECLARED_SELECTOR = YES;
				GCC_WARN_UNINITIALIZED_AUTOS = YES_AGGRESSIVE;
				GCC_WARN_UNUSED_FUNCTION = YES;
				GCC_WARN_UNUSED_VARIABLE = YES;
				IPHONEOS_DEPLOYMENT_TARGET = 17.4;
				LOCALIZATION_PREFERS_STRING_CATALOGS = YES;
				MTL_ENABLE_DEBUG_INFO = INCLUDE_SOURCE;
				MTL_FAST_MATH = YES;
				ONLY_ACTIVE_ARCH = YES;
				SDKROOT = iphoneos;
				SWIFT_ACTIVE_COMPILATION_CONDITIONS = "DEBUG $(inherited)";
				SWIFT_OPTIMIZATION_LEVEL = "-Onone";
			};
			name = Debug;
		};
		64F5D9692BA397F500812BF8 /* Release */ = {
			isa = XCBuildConfiguration;
			buildSettings = {
				ALWAYS_SEARCH_USER_PATHS = NO;
				ASSETCATALOG_COMPILER_GENERATE_SWIFT_ASSET_SYMBOL_EXTENSIONS = YES;
				CLANG_ANALYZER_NONNULL = YES;
				CLANG_ANALYZER_NUMBER_OBJECT_CONVERSION = YES_AGGRESSIVE;
				CLANG_CXX_LANGUAGE_STANDARD = "gnu++20";
				CLANG_ENABLE_MODULES = YES;
				CLANG_ENABLE_OBJC_ARC = YES;
				CLANG_ENABLE_OBJC_WEAK = YES;
				CLANG_WARN_BLOCK_CAPTURE_AUTORELEASING = YES;
				CLANG_WARN_BOOL_CONVERSION = YES;
				CLANG_WARN_COMMA = YES;
				CLANG_WARN_CONSTANT_CONVERSION = YES;
				CLANG_WARN_DEPRECATED_OBJC_IMPLEMENTATIONS = YES;
				CLANG_WARN_DIRECT_OBJC_ISA_USAGE = YES_ERROR;
				CLANG_WARN_DOCUMENTATION_COMMENTS = YES;
				CLANG_WARN_EMPTY_BODY = YES;
				CLANG_WARN_ENUM_CONVERSION = YES;
				CLANG_WARN_INFINITE_RECURSION = YES;
				CLANG_WARN_INT_CONVERSION = YES;
				CLANG_WARN_NON_LITERAL_NULL_CONVERSION = YES;
				CLANG_WARN_OBJC_IMPLICIT_RETAIN_SELF = YES;
				CLANG_WARN_OBJC_LITERAL_CONVERSION = YES;
				CLANG_WARN_OBJC_ROOT_CLASS = YES_ERROR;
				CLANG_WARN_QUOTED_INCLUDE_IN_FRAMEWORK_HEADER = YES;
				CLANG_WARN_RANGE_LOOP_ANALYSIS = YES;
				CLANG_WARN_STRICT_PROTOTYPES = YES;
				CLANG_WARN_SUSPICIOUS_MOVE = YES;
				CLANG_WARN_UNGUARDED_AVAILABILITY = YES_AGGRESSIVE;
				CLANG_WARN_UNREACHABLE_CODE = YES;
				CLANG_WARN__DUPLICATE_METHOD_MATCH = YES;
				COPY_PHASE_STRIP = NO;
				DEBUG_INFORMATION_FORMAT = "dwarf-with-dsym";
				ENABLE_NS_ASSERTIONS = NO;
				ENABLE_STRICT_OBJC_MSGSEND = YES;
				ENABLE_USER_SCRIPT_SANDBOXING = YES;
				GCC_C_LANGUAGE_STANDARD = gnu17;
				GCC_NO_COMMON_BLOCKS = YES;
				GCC_WARN_64_TO_32_BIT_CONVERSION = YES;
				GCC_WARN_ABOUT_RETURN_TYPE = YES_ERROR;
				GCC_WARN_UNDECLARED_SELECTOR = YES;
				GCC_WARN_UNINITIALIZED_AUTOS = YES_AGGRESSIVE;
				GCC_WARN_UNUSED_FUNCTION = YES;
				GCC_WARN_UNUSED_VARIABLE = YES;
				IPHONEOS_DEPLOYMENT_TARGET = 17.4;
				LOCALIZATION_PREFERS_STRING_CATALOGS = YES;
				MTL_ENABLE_DEBUG_INFO = NO;
				MTL_FAST_MATH = YES;
				SDKROOT = iphoneos;
				SWIFT_COMPILATION_MODE = wholemodule;
				VALIDATE_PRODUCT = YES;
			};
			name = Release;
		};
		64F5D96B2BA397F500812BF8 /* Debug */ = {
			isa = XCBuildConfiguration;
			buildSettings = {
				ASSETCATALOG_COMPILER_APPICON_NAME = AppIcon;
				ASSETCATALOG_COMPILER_GLOBAL_ACCENT_COLOR_NAME = AccentColor;
				CODE_SIGN_STYLE = Automatic;
				CURRENT_PROJECT_VERSION = 1;
				DEVELOPMENT_TEAM = CS4AL47F8L;
				GENERATE_INFOPLIST_FILE = YES;
				INFOPLIST_FILE = testTecnicoWom/Info.plist;
				INFOPLIST_KEY_UIApplicationSupportsIndirectInputEvents = YES;
				INFOPLIST_KEY_UILaunchStoryboardName = LaunchScreen;
				INFOPLIST_KEY_UIMainStoryboardFile = Main;
				INFOPLIST_KEY_UISupportedInterfaceOrientations_iPad = "UIInterfaceOrientationPortrait UIInterfaceOrientationPortraitUpsideDown UIInterfaceOrientationLandscapeLeft UIInterfaceOrientationLandscapeRight";
				INFOPLIST_KEY_UISupportedInterfaceOrientations_iPhone = "UIInterfaceOrientationPortrait UIInterfaceOrientationLandscapeLeft UIInterfaceOrientationLandscapeRight";
				IPHONEOS_DEPLOYMENT_TARGET = 16.0;
				LD_RUNPATH_SEARCH_PATHS = (
					"$(inherited)",
					"@executable_path/Frameworks",
				);
				MARKETING_VERSION = 1.0;
				PRODUCT_BUNDLE_IDENTIFIER = cl.southmangostudios.testTecnicoWom;
				PRODUCT_NAME = "$(TARGET_NAME)";
				SUPPORTED_PLATFORMS = "iphoneos iphonesimulator";
				SUPPORTS_MACCATALYST = NO;
				SUPPORTS_MAC_DESIGNED_FOR_IPHONE_IPAD = NO;
				SUPPORTS_XR_DESIGNED_FOR_IPHONE_IPAD = NO;
				SWIFT_EMIT_LOC_STRINGS = YES;
				SWIFT_VERSION = 5.0;
				TARGETED_DEVICE_FAMILY = "1,2";
			};
			name = Debug;
		};
		64F5D96C2BA397F500812BF8 /* Release */ = {
			isa = XCBuildConfiguration;
			buildSettings = {
				ASSETCATALOG_COMPILER_APPICON_NAME = AppIcon;
				ASSETCATALOG_COMPILER_GLOBAL_ACCENT_COLOR_NAME = AccentColor;
				CODE_SIGN_STYLE = Automatic;
				CURRENT_PROJECT_VERSION = 1;
				DEVELOPMENT_TEAM = CS4AL47F8L;
				GENERATE_INFOPLIST_FILE = YES;
				INFOPLIST_FILE = testTecnicoWom/Info.plist;
				INFOPLIST_KEY_UIApplicationSupportsIndirectInputEvents = YES;
				INFOPLIST_KEY_UILaunchStoryboardName = LaunchScreen;
				INFOPLIST_KEY_UIMainStoryboardFile = Main;
				INFOPLIST_KEY_UISupportedInterfaceOrientations_iPad = "UIInterfaceOrientationPortrait UIInterfaceOrientationPortraitUpsideDown UIInterfaceOrientationLandscapeLeft UIInterfaceOrientationLandscapeRight";
				INFOPLIST_KEY_UISupportedInterfaceOrientations_iPhone = "UIInterfaceOrientationPortrait UIInterfaceOrientationLandscapeLeft UIInterfaceOrientationLandscapeRight";
				IPHONEOS_DEPLOYMENT_TARGET = 16.0;
				LD_RUNPATH_SEARCH_PATHS = (
					"$(inherited)",
					"@executable_path/Frameworks",
				);
				MARKETING_VERSION = 1.0;
				PRODUCT_BUNDLE_IDENTIFIER = cl.southmangostudios.testTecnicoWom;
				PRODUCT_NAME = "$(TARGET_NAME)";
				SUPPORTED_PLATFORMS = "iphoneos iphonesimulator";
				SUPPORTS_MACCATALYST = NO;
				SUPPORTS_MAC_DESIGNED_FOR_IPHONE_IPAD = NO;
				SUPPORTS_XR_DESIGNED_FOR_IPHONE_IPAD = NO;
				SWIFT_EMIT_LOC_STRINGS = YES;
				SWIFT_VERSION = 5.0;
				TARGETED_DEVICE_FAMILY = "1,2";
			};
			name = Release;
		};
/* End XCBuildConfiguration section */

/* Begin XCConfigurationList section */
		64F5D9512BA397F400812BF8 /* Build configuration list for PBXProject "testTecnicoWom" */ = {
			isa = XCConfigurationList;
			buildConfigurations = (
				64F5D9682BA397F500812BF8 /* Debug */,
				64F5D9692BA397F500812BF8 /* Release */,
			);
			defaultConfigurationIsVisible = 0;
			defaultConfigurationName = Release;
		};
		64F5D96A2BA397F500812BF8 /* Build configuration list for PBXNativeTarget "testTecnicoWom" */ = {
			isa = XCConfigurationList;
			buildConfigurations = (
				64F5D96B2BA397F500812BF8 /* Debug */,
				64F5D96C2BA397F500812BF8 /* Release */,
			);
			defaultConfigurationIsVisible = 0;
			defaultConfigurationName = Release;
		};
/* End XCConfigurationList section */
	};
	rootObject = 64F5D94E2BA397F400812BF8 /* Project object */;
}
